// !$*UTF8*$!
{
	archiveVersion = 1;
	classes = {
	};
	objectVersion = 50;
	objects = {

/* Begin PBXBuildFile section */
		CC0AFF9B21AB143900C4CEA6 /* ToDoCell.swift in Sources */ = {isa = PBXBuildFile; fileRef = CC0AFF9A21AB143900C4CEA6 /* ToDoCell.swift */; };
		CCC426D921A45A5E00A79016 /* AppDelegate.swift in Sources */ = {isa = PBXBuildFile; fileRef = CCC426D821A45A5E00A79016 /* AppDelegate.swift */; };
		CCC426DE21A45A5E00A79016 /* Main.storyboard in Resources */ = {isa = PBXBuildFile; fileRef = CCC426DC21A45A5E00A79016 /* Main.storyboard */; };
		CCC426E021A45A5E00A79016 /* Assets.xcassets in Resources */ = {isa = PBXBuildFile; fileRef = CCC426DF21A45A5E00A79016 /* Assets.xcassets */; };
		CCC426E321A45A5E00A79016 /* LaunchScreen.storyboard in Resources */ = {isa = PBXBuildFile; fileRef = CCC426E121A45A5E00A79016 /* LaunchScreen.storyboard */; };
		CCC426EE21A45A5E00A79016 /* ToDoListTests.swift in Sources */ = {isa = PBXBuildFile; fileRef = CCC426ED21A45A5E00A79016 /* ToDoListTests.swift */; };
		CCC426F921A45A5E00A79016 /* ToDoListUITests.swift in Sources */ = {isa = PBXBuildFile; fileRef = CCC426F821A45A5E00A79016 /* ToDoListUITests.swift */; };
		CCC4270A21A45BCF00A79016 /* ToDo.swift in Sources */ = {isa = PBXBuildFile; fileRef = CCC4270921A45BCF00A79016 /* ToDo.swift */; };
		CCC4270C21A45C5500A79016 /* ToDoTableViewController.swift in Sources */ = {isa = PBXBuildFile; fileRef = CCC4270B21A45C5500A79016 /* ToDoTableViewController.swift */; };
		CCC4270E21A46B8900A79016 /* ToDoViewController.swift in Sources */ = {isa = PBXBuildFile; fileRef = CCC4270D21A46B8900A79016 /* ToDoViewController.swift */; };
/* End PBXBuildFile section */

/* Begin PBXContainerItemProxy section */
		CCC426EA21A45A5E00A79016 /* PBXContainerItemProxy */ = {
			isa = PBXContainerItemProxy;
			containerPortal = CCC426CD21A45A5E00A79016 /* Project object */;
			proxyType = 1;
			remoteGlobalIDString = CCC426D421A45A5E00A79016;
			remoteInfo = ToDoList;
		};
		CCC426F521A45A5E00A79016 /* PBXContainerItemProxy */ = {
			isa = PBXContainerItemProxy;
			containerPortal = CCC426CD21A45A5E00A79016 /* Project object */;
			proxyType = 1;
			remoteGlobalIDString = CCC426D421A45A5E00A79016;
			remoteInfo = ToDoList;
		};
/* End PBXContainerItemProxy section */

/* Begin PBXFileReference section */
		CC0AFF9A21AB143900C4CEA6 /* ToDoCell.swift */ = {isa = PBXFileReference; lastKnownFileType = sourcecode.swift; path = ToDoCell.swift; sourceTree = "<group>"; };
		CCC426D521A45A5E00A79016 /* ToDoList.app */ = {isa = PBXFileReference; explicitFileType = wrapper.application; includeInIndex = 0; path = ToDoList.app; sourceTree = BUILT_PRODUCTS_DIR; };
		CCC426D821A45A5E00A79016 /* AppDelegate.swift */ = {isa = PBXFileReference; lastKnownFileType = sourcecode.swift; path = AppDelegate.swift; sourceTree = "<group>"; };
		CCC426DD21A45A5E00A79016 /* Base */ = {isa = PBXFileReference; lastKnownFileType = file.storyboard; name = Base; path = Base.lproj/Main.storyboard; sourceTree = "<group>"; };
		CCC426DF21A45A5E00A79016 /* Assets.xcassets */ = {isa = PBXFileReference; lastKnownFileType = folder.assetcatalog; path = Assets.xcassets; sourceTree = "<group>"; };
		CCC426E221A45A5E00A79016 /* Base */ = {isa = PBXFileReference; lastKnownFileType = file.storyboard; name = Base; path = Base.lproj/LaunchScreen.storyboard; sourceTree = "<group>"; };
		CCC426E421A45A5E00A79016 /* Info.plist */ = {isa = PBXFileReference; lastKnownFileType = text.plist.xml; path = Info.plist; sourceTree = "<group>"; };
		CCC426E921A45A5E00A79016 /* ToDoListTests.xctest */ = {isa = PBXFileReference; explicitFileType = wrapper.cfbundle; includeInIndex = 0; path = ToDoListTests.xctest; sourceTree = BUILT_PRODUCTS_DIR; };
		CCC426ED21A45A5E00A79016 /* ToDoListTests.swift */ = {isa = PBXFileReference; lastKnownFileType = sourcecode.swift; path = ToDoListTests.swift; sourceTree = "<group>"; };
		CCC426EF21A45A5E00A79016 /* Info.plist */ = {isa = PBXFileReference; lastKnownFileType = text.plist.xml; path = Info.plist; sourceTree = "<group>"; };
		CCC426F421A45A5E00A79016 /* ToDoListUITests.xctest */ = {isa = PBXFileReference; explicitFileType = wrapper.cfbundle; includeInIndex = 0; path = ToDoListUITests.xctest; sourceTree = BUILT_PRODUCTS_DIR; };
		CCC426F821A45A5E00A79016 /* ToDoListUITests.swift */ = {isa = PBXFileReference; lastKnownFileType = sourcecode.swift; path = ToDoListUITests.swift; sourceTree = "<group>"; };
		CCC426FA21A45A5E00A79016 /* Info.plist */ = {isa = PBXFileReference; lastKnownFileType = text.plist.xml; path = Info.plist; sourceTree = "<group>"; };
		CCC4270921A45BCF00A79016 /* ToDo.swift */ = {isa = PBXFileReference; lastKnownFileType = sourcecode.swift; path = ToDo.swift; sourceTree = "<group>"; };
		CCC4270B21A45C5500A79016 /* ToDoTableViewController.swift */ = {isa = PBXFileReference; lastKnownFileType = sourcecode.swift; path = ToDoTableViewController.swift; sourceTree = "<group>"; };
		CCC4270D21A46B8900A79016 /* ToDoViewController.swift */ = {isa = PBXFileReference; lastKnownFileType = sourcecode.swift; path = ToDoViewController.swift; sourceTree = "<group>"; };
/* End PBXFileReference section */

/* Begin PBXFrameworksBuildPhase section */
		CCC426D221A45A5E00A79016 /* Frameworks */ = {
			isa = PBXFrameworksBuildPhase;
			buildActionMask = 2147483647;
			files = (
			);
			runOnlyForDeploymentPostprocessing = 0;
		};
		CCC426E621A45A5E00A79016 /* Frameworks */ = {
			isa = PBXFrameworksBuildPhase;
			buildActionMask = 2147483647;
			files = (
			);
			runOnlyForDeploymentPostprocessing = 0;
		};
		CCC426F121A45A5E00A79016 /* Frameworks */ = {
			isa = PBXFrameworksBuildPhase;
			buildActionMask = 2147483647;
			files = (
			);
			runOnlyForDeploymentPostprocessing = 0;
		};
/* End PBXFrameworksBuildPhase section */

/* Begin PBXGroup section */
		CCC426CC21A45A5E00A79016 = {
			isa = PBXGroup;
			children = (
				CCC426D721A45A5E00A79016 /* ToDoList */,
				CCC426EC21A45A5E00A79016 /* ToDoListTests */,
				CCC426F721A45A5E00A79016 /* ToDoListUITests */,
				CCC426D621A45A5E00A79016 /* Products */,
			);
			sourceTree = "<group>";
		};
		CCC426D621A45A5E00A79016 /* Products */ = {
			isa = PBXGroup;
			children = (
				CCC426D521A45A5E00A79016 /* ToDoList.app */,
				CCC426E921A45A5E00A79016 /* ToDoListTests.xctest */,
				CCC426F421A45A5E00A79016 /* ToDoListUITests.xctest */,
			);
			name = Products;
			sourceTree = "<group>";
		};
		CCC426D721A45A5E00A79016 /* ToDoList */ = {
			isa = PBXGroup;
			children = (
				CCC4270821A45B1A00A79016 /* Models */,
				CCC4270721A45B0C00A79016 /* Views and Assets */,
				CCC4270621A45B0300A79016 /* Controllers */,
				CCC426D821A45A5E00A79016 /* AppDelegate.swift */,
				CCC426E421A45A5E00A79016 /* Info.plist */,
			);
			path = ToDoList;
			sourceTree = "<group>";
		};
		CCC426EC21A45A5E00A79016 /* ToDoListTests */ = {
			isa = PBXGroup;
			children = (
				CCC426ED21A45A5E00A79016 /* ToDoListTests.swift */,
				CCC426EF21A45A5E00A79016 /* Info.plist */,
			);
			path = ToDoListTests;
			sourceTree = "<group>";
		};
		CCC426F721A45A5E00A79016 /* ToDoListUITests */ = {
			isa = PBXGroup;
			children = (
				CCC426F821A45A5E00A79016 /* ToDoListUITests.swift */,
				CCC426FA21A45A5E00A79016 /* Info.plist */,
			);
			path = ToDoListUITests;
			sourceTree = "<group>";
		};
		CCC4270621A45B0300A79016 /* Controllers */ = {
			isa = PBXGroup;
			children = (
				CCC4270B21A45C5500A79016 /* ToDoTableViewController.swift */,
				CCC4270D21A46B8900A79016 /* ToDoViewController.swift */,
			);
			path = Controllers;
			sourceTree = "<group>";
		};
		CCC4270721A45B0C00A79016 /* Views and Assets */ = {
			isa = PBXGroup;
			children = (
				CCC426DC21A45A5E00A79016 /* Main.storyboard */,
				CCC426DF21A45A5E00A79016 /* Assets.xcassets */,
				CCC426E121A45A5E00A79016 /* LaunchScreen.storyboard */,
			);
			path = "Views and Assets";
			sourceTree = "<group>";
		};
		CCC4270821A45B1A00A79016 /* Models */ = {
			isa = PBXGroup;
			children = (
				CCC4270921A45BCF00A79016 /* ToDo.swift */,
				CC0AFF9A21AB143900C4CEA6 /* ToDoCell.swift */,
			);
			path = Models;
			sourceTree = "<group>";
		};
/* End PBXGroup section */

/* Begin PBXNativeTarget section */
		CCC426D421A45A5E00A79016 /* ToDoList */ = {
			isa = PBXNativeTarget;
			buildConfigurationList = CCC426FD21A45A5E00A79016 /* Build configuration list for PBXNativeTarget "ToDoList" */;
			buildPhases = (
				CCC426D121A45A5E00A79016 /* Sources */,
				CCC426D221A45A5E00A79016 /* Frameworks */,
				CCC426D321A45A5E00A79016 /* Resources */,
			);
			buildRules = (
			);
			dependencies = (
			);
			name = ToDoList;
			productName = ToDoList;
			productReference = CCC426D521A45A5E00A79016 /* ToDoList.app */;
			productType = "com.apple.product-type.application";
		};
		CCC426E821A45A5E00A79016 /* ToDoListTests */ = {
			isa = PBXNativeTarget;
			buildConfigurationList = CCC4270021A45A5E00A79016 /* Build configuration list for PBXNativeTarget "ToDoListTests" */;
			buildPhases = (
				CCC426E521A45A5E00A79016 /* Sources */,
				CCC426E621A45A5E00A79016 /* Frameworks */,
				CCC426E721A45A5E00A79016 /* Resources */,
			);
			buildRules = (
			);
			dependencies = (
				CCC426EB21A45A5E00A79016 /* PBXTargetDependency */,
			);
			name = ToDoListTests;
			productName = ToDoListTests;
			productReference = CCC426E921A45A5E00A79016 /* ToDoListTests.xctest */;
			productType = "com.apple.product-type.bundle.unit-test";
		};
		CCC426F321A45A5E00A79016 /* ToDoListUITests */ = {
			isa = PBXNativeTarget;
			buildConfigurationList = CCC4270321A45A5E00A79016 /* Build configuration list for PBXNativeTarget "ToDoListUITests" */;
			buildPhases = (
				CCC426F021A45A5E00A79016 /* Sources */,
				CCC426F121A45A5E00A79016 /* Frameworks */,
				CCC426F221A45A5E00A79016 /* Resources */,
			);
			buildRules = (
			);
			dependencies = (
				CCC426F621A45A5E00A79016 /* PBXTargetDependency */,
			);
			name = ToDoListUITests;
			productName = ToDoListUITests;
			productReference = CCC426F421A45A5E00A79016 /* ToDoListUITests.xctest */;
			productType = "com.apple.product-type.bundle.ui-testing";
		};
/* End PBXNativeTarget section */

/* Begin PBXProject section */
		CCC426CD21A45A5E00A79016 /* Project object */ = {
			isa = PBXProject;
			attributes = {
				LastSwiftUpdateCheck = 1000;
				LastUpgradeCheck = 1000;
				ORGANIZATIONNAME = "Justin Snider";
				TargetAttributes = {
					CCC426D421A45A5E00A79016 = {
						CreatedOnToolsVersion = 10.0;
					};
					CCC426E821A45A5E00A79016 = {
						CreatedOnToolsVersion = 10.0;
						TestTargetID = CCC426D421A45A5E00A79016;
					};
					CCC426F321A45A5E00A79016 = {
						CreatedOnToolsVersion = 10.0;
						TestTargetID = CCC426D421A45A5E00A79016;
					};
				};
			};
			buildConfigurationList = CCC426D021A45A5E00A79016 /* Build configuration list for PBXProject "ToDoList" */;
			compatibilityVersion = "Xcode 9.3";
			developmentRegion = en;
			hasScannedForEncodings = 0;
			knownRegions = (
				en,
				Base,
			);
			mainGroup = CCC426CC21A45A5E00A79016;
			productRefGroup = CCC426D621A45A5E00A79016 /* Products */;
			projectDirPath = "";
			projectRoot = "";
			targets = (
				CCC426D421A45A5E00A79016 /* ToDoList */,
				CCC426E821A45A5E00A79016 /* ToDoListTests */,
				CCC426F321A45A5E00A79016 /* ToDoListUITests */,
			);
		};
/* End PBXProject section */

/* Begin PBXResourcesBuildPhase section */
		CCC426D321A45A5E00A79016 /* Resources */ = {
			isa = PBXResourcesBuildPhase;
			buildActionMask = 2147483647;
			files = (
				CCC426E321A45A5E00A79016 /* LaunchScreen.storyboard in Resources */,
				CCC426E021A45A5E00A79016 /* Assets.xcassets in Resources */,
				CCC426DE21A45A5E00A79016 /* Main.storyboard in Resources */,
			);
			runOnlyForDeploymentPostprocessing = 0;
		};
		CCC426E721A45A5E00A79016 /* Resources */ = {
			isa = PBXResourcesBuildPhase;
			buildActionMask = 2147483647;
			files = (
			);
			runOnlyForDeploymentPostprocessing = 0;
		};
		CCC426F221A45A5E00A79016 /* Resources */ = {
			isa = PBXResourcesBuildPhase;
			buildActionMask = 2147483647;
			files = (
			);
			runOnlyForDeploymentPostprocessing = 0;
		};
/* End PBXResourcesBuildPhase section */

/* Begin PBXSourcesBuildPhase section */
		CCC426D121A45A5E00A79016 /* Sources */ = {
			isa = PBXSourcesBuildPhase;
			buildActionMask = 2147483647;
			files = (
				CCC4270E21A46B8900A79016 /* ToDoViewController.swift in Sources */,
				CCC4270A21A45BCF00A79016 /* ToDo.swift in Sources */,
				CCC4270C21A45C5500A79016 /* ToDoTableViewController.swift in Sources */,
				CCC426D921A45A5E00A79016 /* AppDelegate.swift in Sources */,
				CC0AFF9B21AB143900C4CEA6 /* ToDoCell.swift in Sources */,
			);
			runOnlyForDeploymentPostprocessing = 0;
		};
		CCC426E521A45A5E00A79016 /* Sources */ = {
			isa = PBXSourcesBuildPhase;
			buildActionMask = 2147483647;
			files = (
				CCC426EE21A45A5E00A79016 /* ToDoListTests.swift in Sources */,
			);
			runOnlyForDeploymentPostprocessing = 0;
		};
		CCC426F021A45A5E00A79016 /* Sources */ = {
			isa = PBXSourcesBuildPhase;
			buildActionMask = 2147483647;
			files = (
				CCC426F921A45A5E00A79016 /* ToDoListUITests.swift in Sources */,
			);
			runOnlyForDeploymentPostprocessing = 0;
		};
/* End PBXSourcesBuildPhase section */

/* Begin PBXTargetDependency section */
		CCC426EB21A45A5E00A79016 /* PBXTargetDependency */ = {
			isa = PBXTargetDependency;
			target = CCC426D421A45A5E00A79016 /* ToDoList */;
			targetProxy = CCC426EA21A45A5E00A79016 /* PBXContainerItemProxy */;
		};
		CCC426F621A45A5E00A79016 /* PBXTargetDependency */ = {
			isa = PBXTargetDependency;
			target = CCC426D421A45A5E00A79016 /* ToDoList */;
			targetProxy = CCC426F521A45A5E00A79016 /* PBXContainerItemProxy */;
		};
/* End PBXTargetDependency section */

/* Begin PBXVariantGroup section */
		CCC426DC21A45A5E00A79016 /* Main.storyboard */ = {
			isa = PBXVariantGroup;
			children = (
				CCC426DD21A45A5E00A79016 /* Base */,
			);
			name = Main.storyboard;
			sourceTree = "<group>";
		};
		CCC426E121A45A5E00A79016 /* LaunchScreen.storyboard */ = {
			isa = PBXVariantGroup;
			children = (
				CCC426E221A45A5E00A79016 /* Base */,
			);
			name = LaunchScreen.storyboard;
			sourceTree = "<group>";
		};
/* End PBXVariantGroup section */

/* Begin XCBuildConfiguration section */
		CCC426FB21A45A5E00A79016 /* Debug */ = {
			isa = XCBuildConfiguration;
			buildSettings = {
				ALWAYS_SEARCH_USER_PATHS = NO;
				CLANG_ANALYZER_NONNULL = YES;
				CLANG_ANALYZER_NUMBER_OBJECT_CONVERSION = YES_AGGRESSIVE;
				CLANG_CXX_LANGUAGE_STANDARD = "gnu++14";
				CLANG_CXX_LIBRARY = "libc++";
				CLANG_ENABLE_MODULES = YES;
				CLANG_ENABLE_OBJC_ARC = YES;
				CLANG_ENABLE_OBJC_WEAK = YES;
				CLANG_WARN_BLOCK_CAPTURE_AUTORELEASING = YES;
				CLANG_WARN_BOOL_CONVERSION = YES;
				CLANG_WARN_COMMA = YES;
				CLANG_WARN_CONSTANT_CONVERSION = YES;
				CLANG_WARN_DEPRECATED_OBJC_IMPLEMENTATIONS = YES;
				CLANG_WARN_DIRECT_OBJC_ISA_USAGE = YES_ERROR;
				CLANG_WARN_DOCUMENTATION_COMMENTS = YES;
				CLANG_WARN_EMPTY_BODY = YES;
				CLANG_WARN_ENUM_CONVERSION = YES;
				CLANG_WARN_INFINITE_RECURSION = YES;
				CLANG_WARN_INT_CONVERSION = YES;
				CLANG_WARN_NON_LITERAL_NULL_CONVERSION = YES;
				CLANG_WARN_OBJC_IMPLICIT_RETAIN_SELF = YES;
				CLANG_WARN_OBJC_LITERAL_CONVERSION = YES;
				CLANG_WARN_OBJC_ROOT_CLASS = YES_ERROR;
				CLANG_WARN_RANGE_LOOP_ANALYSIS = YES;
				CLANG_WARN_STRICT_PROTOTYPES = YES;
				CLANG_WARN_SUSPICIOUS_MOVE = YES;
				CLANG_WARN_UNGUARDED_AVAILABILITY = YES_AGGRESSIVE;
				CLANG_WARN_UNREACHABLE_CODE = YES;
				CLANG_WARN__DUPLICATE_METHOD_MATCH = YES;
				CODE_SIGN_IDENTITY = "iPhone Developer";
				COPY_PHASE_STRIP = NO;
				DEBUG_INFORMATION_FORMAT = dwarf;
				ENABLE_STRICT_OBJC_MSGSEND = YES;
				ENABLE_TESTABILITY = YES;
				GCC_C_LANGUAGE_STANDARD = gnu11;
				GCC_DYNAMIC_NO_PIC = NO;
				GCC_NO_COMMON_BLOCKS = YES;
				GCC_OPTIMIZATION_LEVEL = 0;
				GCC_PREPROCESSOR_DEFINITIONS = (
					"DEBUG=1",
					"$(inherited)",
				);
				GCC_WARN_64_TO_32_BIT_CONVERSION = YES;
				GCC_WARN_ABOUT_RETURN_TYPE = YES_ERROR;
				GCC_WARN_UNDECLARED_SELECTOR = YES;
				GCC_WARN_UNINITIALIZED_AUTOS = YES_AGGRESSIVE;
				GCC_WARN_UNUSED_FUNCTION = YES;
				GCC_WARN_UNUSED_VARIABLE = YES;
				IPHONEOS_DEPLOYMENT_TARGET = 12.0;
				MTL_ENABLE_DEBUG_INFO = INCLUDE_SOURCE;
				MTL_FAST_MATH = YES;
				ONLY_ACTIVE_ARCH = YES;
				SDKROOT = iphoneos;
				SWIFT_ACTIVE_COMPILATION_CONDITIONS = DEBUG;
				SWIFT_OPTIMIZATION_LEVEL = "-Onone";
			};
			name = Debug;
		};
		CCC426FC21A45A5E00A79016 /* Release */ = {
			isa = XCBuildConfiguration;
			buildSettings = {
				ALWAYS_SEARCH_USER_PATHS = NO;
				CLANG_ANALYZER_NONNULL = YES;
				CLANG_ANALYZER_NUMBER_OBJECT_CONVERSION = YES_AGGRESSIVE;
				CLANG_CXX_LANGUAGE_STANDARD = "gnu++14";
				CLANG_CXX_LIBRARY = "libc++";
				CLANG_ENABLE_MODULES = YES;
				CLANG_ENABLE_OBJC_ARC = YES;
				CLANG_ENABLE_OBJC_WEAK = YES;
				CLANG_WARN_BLOCK_CAPTURE_AUTORELEASING = YES;
				CLANG_WARN_BOOL_CONVERSION = YES;
				CLANG_WARN_COMMA = YES;
				CLANG_WARN_CONSTANT_CONVERSION = YES;
				CLANG_WARN_DEPRECATED_OBJC_IMPLEMENTATIONS = YES;
				CLANG_WARN_DIRECT_OBJC_ISA_USAGE = YES_ERROR;
				CLANG_WARN_DOCUMENTATION_COMMENTS = YES;
				CLANG_WARN_EMPTY_BODY = YES;
				CLANG_WARN_ENUM_CONVERSION = YES;
				CLANG_WARN_INFINITE_RECURSION = YES;
				CLANG_WARN_INT_CONVERSION = YES;
				CLANG_WARN_NON_LITERAL_NULL_CONVERSION = YES;
				CLANG_WARN_OBJC_IMPLICIT_RETAIN_SELF = YES;
				CLANG_WARN_OBJC_LITERAL_CONVERSION = YES;
				CLANG_WARN_OBJC_ROOT_CLASS = YES_ERROR;
				CLANG_WARN_RANGE_LOOP_ANALYSIS = YES;
				CLANG_WARN_STRICT_PROTOTYPES = YES;
				CLANG_WARN_SUSPICIOUS_MOVE = YES;
				CLANG_WARN_UNGUARDED_AVAILABILITY = YES_AGGRESSIVE;
				CLANG_WARN_UNREACHABLE_CODE = YES;
				CLANG_WARN__DUPLICATE_METHOD_MATCH = YES;
				CODE_SIGN_IDENTITY = "iPhone Developer";
				COPY_PHASE_STRIP = NO;
				DEBUG_INFORMATION_FORMAT = "dwarf-with-dsym";
				ENABLE_NS_ASSERTIONS = NO;
				ENABLE_STRICT_OBJC_MSGSEND = YES;
				GCC_C_LANGUAGE_STANDARD = gnu11;
				GCC_NO_COMMON_BLOCKS = YES;
				GCC_WARN_64_TO_32_BIT_CONVERSION = YES;
				GCC_WARN_ABOUT_RETURN_TYPE = YES_ERROR;
				GCC_WARN_UNDECLARED_SELECTOR = YES;
				GCC_WARN_UNINITIALIZED_AUTOS = YES_AGGRESSIVE;
				GCC_WARN_UNUSED_FUNCTION = YES;
				GCC_WARN_UNUSED_VARIABLE = YES;
				IPHONEOS_DEPLOYMENT_TARGET = 12.0;
				MTL_ENABLE_DEBUG_INFO = NO;
				MTL_FAST_MATH = YES;
				SDKROOT = iphoneos;
				SWIFT_COMPILATION_MODE = wholemodule;
				SWIFT_OPTIMIZATION_LEVEL = "-O";
				VALIDATE_PRODUCT = YES;
			};
			name = Release;
		};
		CCC426FE21A45A5E00A79016 /* Debug */ = {
			isa = XCBuildConfiguration;
			buildSettings = {
				ASSETCATALOG_COMPILER_APPICON_NAME = AppIcon;
				CODE_SIGN_STYLE = Automatic;
				INFOPLIST_FILE = ToDoList/Info.plist;
				LD_RUNPATH_SEARCH_PATHS = (
					"$(inherited)",
					"@executable_path/Frameworks",
				);
				PRODUCT_BUNDLE_IDENTIFIER = com.example.ToDoList;
				PRODUCT_NAME = "$(TARGET_NAME)";
				SWIFT_VERSION = 4.2;
				TARGETED_DEVICE_FAMILY = "1,2";
			};
			name = Debug;
		};
		CCC426FF21A45A5E00A79016 /* Release */ = {
			isa = XCBuildConfiguration;
			buildSettings = {
				ASSETCATALOG_COMPILER_APPICON_NAME = AppIcon;
				CODE_SIGN_STYLE = Automatic;
				INFOPLIST_FILE = ToDoList/Info.plist;
				LD_RUNPATH_SEARCH_PATHS = (
					"$(inherited)",
					"@executable_path/Frameworks",
				);
				PRODUCT_BUNDLE_IDENTIFIER = com.example.ToDoList;
				PRODUCT_NAME = "$(TARGET_NAME)";
				SWIFT_VERSION = 4.2;
				TARGETED_DEVICE_FAMILY = "1,2";
			};
			name = Release;
		};
		CCC4270121A45A5E00A79016 /* Debug */ = {
			isa = XCBuildConfiguration;
			buildSettings = {
				ALWAYS_EMBED_SWIFT_STANDARD_LIBRARIES = YES;
				BUNDLE_LOADER = "$(TEST_HOST)";
				CODE_SIGN_STYLE = Automatic;
				INFOPLIST_FILE = ToDoListTests/Info.plist;
				LD_RUNPATH_SEARCH_PATHS = (
					"$(inherited)",
					"@executable_path/Frameworks",
					"@loader_path/Frameworks",
				);
				PRODUCT_BUNDLE_IDENTIFIER = com.example.ToDoListTests;
				PRODUCT_NAME = "$(TARGET_NAME)";
				SWIFT_VERSION = 4.2;
				TARGETED_DEVICE_FAMILY = "1,2";
				TEST_HOST = "$(BUILT_PRODUCTS_DIR)/ToDoList.app/ToDoList";
			};
			name = Debug;
		};
		CCC4270221A45A5E00A79016 /* Release */ = {
			isa = XCBuildConfiguration;
			buildSettings = {
				ALWAYS_EMBED_SWIFT_STANDARD_LIBRARIES = YES;
				BUNDLE_LOADER = "$(TEST_HOST)";
				CODE_SIGN_STYLE = Automatic;
				INFOPLIST_FILE = ToDoListTests/Info.plist;
				LD_RUNPATH_SEARCH_PATHS = (
					"$(inherited)",
					"@executable_path/Frameworks",
					"@loader_path/Frameworks",
				);
				PRODUCT_BUNDLE_IDENTIFIER = com.example.ToDoListTests;
				PRODUCT_NAME = "$(TARGET_NAME)";
				SWIFT_VERSION = 4.2;
				TARGETED_DEVICE_FAMILY = "1,2";
				TEST_HOST = "$(BUILT_PRODUCTS_DIR)/ToDoList.app/ToDoList";
			};
			name = Release;
		};
		CCC4270421A45A5E00A79016 /* Debug */ = {
			isa = XCBuildConfiguration;
			buildSettings = {
				ALWAYS_EMBED_SWIFT_STANDARD_LIBRARIES = YES;
				CODE_SIGN_STYLE = Automatic;
				INFOPLIST_FILE = ToDoListUITests/Info.plist;
				LD_RUNPATH_SEARCH_PATHS = (
					"$(inherited)",
					"@executable_path/Frameworks",
					"@loader_path/Frameworks",
				);
				PRODUCT_BUNDLE_IDENTIFIER = com.example.ToDoListUITests;
				PRODUCT_NAME = "$(TARGET_NAME)";
				SWIFT_VERSION = 4.2;
				TARGETED_DEVICE_FAMILY = "1,2";
				TEST_TARGET_NAME = ToDoList;
			};
			name = Debug;
		};
		CCC4270521A45A5E00A79016 /* Release */ = {
			isa = XCBuildConfiguration;
			buildSettings = {
				ALWAYS_EMBED_SWIFT_STANDARD_LIBRARIES = YES;
				CODE_SIGN_STYLE = Automatic;
				INFOPLIST_FILE = ToDoListUITests/Info.plist;
				LD_RUNPATH_SEARCH_PATHS = (
					"$(inherited)",
					"@executable_path/Frameworks",
					"@loader_path/Frameworks",
				);
				PRODUCT_BUNDLE_IDENTIFIER = com.example.ToDoListUITests;
				PRODUCT_NAME = "$(TARGET_NAME)";
				SWIFT_VERSION = 4.2;
				TARGETED_DEVICE_FAMILY = "1,2";
				TEST_TARGET_NAME = ToDoList;
			};
			name = Release;
		};
/* End XCBuildConfiguration section */

/* Begin XCConfigurationList section */
		CCC426D021A45A5E00A79016 /* Build configuration list for PBXProject "ToDoList" */ = {
			isa = XCConfigurationList;
			buildConfigurations = (
				CCC426FB21A45A5E00A79016 /* Debug */,
				CCC426FC21A45A5E00A79016 /* Release */,
			);
			defaultConfigurationIsVisible = 0;
			defaultConfigurationName = Release;
		};
		CCC426FD21A45A5E00A79016 /* Build configuration list for PBXNativeTarget "ToDoList" */ = {
			isa = XCConfigurationList;
			buildConfigurations = (
				CCC426FE21A45A5E00A79016 /* Debug */,
				CCC426FF21A45A5E00A79016 /* Release */,
			);
			defaultConfigurationIsVisible = 0;
			defaultConfigurationName = Release;
		};
		CCC4270021A45A5E00A79016 /* Build configuration list for PBXNativeTarget "ToDoListTests" */ = {
			isa = XCConfigurationList;
			buildConfigurations = (
				CCC4270121A45A5E00A79016 /* Debug */,
				CCC4270221A45A5E00A79016 /* Release */,
			);
			defaultConfigurationIsVisible = 0;
			defaultConfigurationName = Release;
		};
		CCC4270321A45A5E00A79016 /* Build configuration list for PBXNativeTarget "ToDoListUITests" */ = {
			isa = XCConfigurationList;
			buildConfigurations = (
				CCC4270421A45A5E00A79016 /* Debug */,
				CCC4270521A45A5E00A79016 /* Release */,
			);
			defaultConfigurationIsVisible = 0;
			defaultConfigurationName = Release;
		};
/* End XCConfigurationList section */
	};
	rootObject = CCC426CD21A45A5E00A79016 /* Project object */;
}
