// !$*UTF8*$!
{
	archiveVersion = 1;
	classes = {
	};
	objectVersion = 50;
	objects = {

/* Begin PBXBuildFile section */
		CC2D3F5521B18FAE00E5652D /* AppDelegate.swift in Sources */ = {isa = PBXBuildFile; fileRef = CC2D3F5421B18FAE00E5652D /* AppDelegate.swift */; };
		CC2D3F5721B18FAE00E5652D /* ViewController.swift in Sources */ = {isa = PBXBuildFile; fileRef = CC2D3F5621B18FAE00E5652D /* ViewController.swift */; };
		CC2D3F5A21B18FAE00E5652D /* Main.storyboard in Resources */ = {isa = PBXBuildFile; fileRef = CC2D3F5821B18FAE00E5652D /* Main.storyboard */; };
		CC2D3F5C21B18FB000E5652D /* Assets.xcassets in Resources */ = {isa = PBXBuildFile; fileRef = CC2D3F5B21B18FB000E5652D /* Assets.xcassets */; };
		CC2D3F5F21B18FB000E5652D /* LaunchScreen.storyboard in Resources */ = {isa = PBXBuildFile; fileRef = CC2D3F5D21B18FB000E5652D /* LaunchScreen.storyboard */; };
		CC2D3F6A21B18FB000E5652D /* AnimationsTests.swift in Sources */ = {isa = PBXBuildFile; fileRef = CC2D3F6921B18FB000E5652D /* AnimationsTests.swift */; };
		CC2D3F7521B18FB000E5652D /* AnimationsUITests.swift in Sources */ = {isa = PBXBuildFile; fileRef = CC2D3F7421B18FB000E5652D /* AnimationsUITests.swift */; };
/* End PBXBuildFile section */

/* Begin PBXContainerItemProxy section */
		CC2D3F6621B18FB000E5652D /* PBXContainerItemProxy */ = {
			isa = PBXContainerItemProxy;
			containerPortal = CC2D3F4921B18FAE00E5652D /* Project object */;
			proxyType = 1;
			remoteGlobalIDString = CC2D3F5021B18FAE00E5652D;
			remoteInfo = Animations;
		};
		CC2D3F7121B18FB000E5652D /* PBXContainerItemProxy */ = {
			isa = PBXContainerItemProxy;
			containerPortal = CC2D3F4921B18FAE00E5652D /* Project object */;
			proxyType = 1;
			remoteGlobalIDString = CC2D3F5021B18FAE00E5652D;
			remoteInfo = Animations;
		};
/* End PBXContainerItemProxy section */

/* Begin PBXFileReference section */
		CC2D3F5121B18FAE00E5652D /* Animations.app */ = {isa = PBXFileReference; explicitFileType = wrapper.application; includeInIndex = 0; path = Animations.app; sourceTree = BUILT_PRODUCTS_DIR; };
		CC2D3F5421B18FAE00E5652D /* AppDelegate.swift */ = {isa = PBXFileReference; lastKnownFileType = sourcecode.swift; path = AppDelegate.swift; sourceTree = "<group>"; };
		CC2D3F5621B18FAE00E5652D /* ViewController.swift */ = {isa = PBXFileReference; lastKnownFileType = sourcecode.swift; path = ViewController.swift; sourceTree = "<group>"; };
		CC2D3F5921B18FAE00E5652D /* Base */ = {isa = PBXFileReference; lastKnownFileType = file.storyboard; name = Base; path = Base.lproj/Main.storyboard; sourceTree = "<group>"; };
		CC2D3F5B21B18FB000E5652D /* Assets.xcassets */ = {isa = PBXFileReference; lastKnownFileType = folder.assetcatalog; path = Assets.xcassets; sourceTree = "<group>"; };
		CC2D3F5E21B18FB000E5652D /* Base */ = {isa = PBXFileReference; lastKnownFileType = file.storyboard; name = Base; path = Base.lproj/LaunchScreen.storyboard; sourceTree = "<group>"; };
		CC2D3F6021B18FB000E5652D /* Info.plist */ = {isa = PBXFileReference; lastKnownFileType = text.plist.xml; path = Info.plist; sourceTree = "<group>"; };
		CC2D3F6521B18FB000E5652D /* AnimationsTests.xctest */ = {isa = PBXFileReference; explicitFileType = wrapper.cfbundle; includeInIndex = 0; path = AnimationsTests.xctest; sourceTree = BUILT_PRODUCTS_DIR; };
		CC2D3F6921B18FB000E5652D /* AnimationsTests.swift */ = {isa = PBXFileReference; lastKnownFileType = sourcecode.swift; path = AnimationsTests.swift; sourceTree = "<group>"; };
		CC2D3F6B21B18FB000E5652D /* Info.plist */ = {isa = PBXFileReference; lastKnownFileType = text.plist.xml; path = Info.plist; sourceTree = "<group>"; };
		CC2D3F7021B18FB000E5652D /* AnimationsUITests.xctest */ = {isa = PBXFileReference; explicitFileType = wrapper.cfbundle; includeInIndex = 0; path = AnimationsUITests.xctest; sourceTree = BUILT_PRODUCTS_DIR; };
		CC2D3F7421B18FB000E5652D /* AnimationsUITests.swift */ = {isa = PBXFileReference; lastKnownFileType = sourcecode.swift; path = AnimationsUITests.swift; sourceTree = "<group>"; };
		CC2D3F7621B18FB000E5652D /* Info.plist */ = {isa = PBXFileReference; lastKnownFileType = text.plist.xml; path = Info.plist; sourceTree = "<group>"; };
/* End PBXFileReference section */

/* Begin PBXFrameworksBuildPhase section */
		CC2D3F4E21B18FAE00E5652D /* Frameworks */ = {
			isa = PBXFrameworksBuildPhase;
			buildActionMask = 2147483647;
			files = (
			);
			runOnlyForDeploymentPostprocessing = 0;
		};
		CC2D3F6221B18FB000E5652D /* Frameworks */ = {
			isa = PBXFrameworksBuildPhase;
			buildActionMask = 2147483647;
			files = (
			);
			runOnlyForDeploymentPostprocessing = 0;
		};
		CC2D3F6D21B18FB000E5652D /* Frameworks */ = {
			isa = PBXFrameworksBuildPhase;
			buildActionMask = 2147483647;
			files = (
			);
			runOnlyForDeploymentPostprocessing = 0;
		};
/* End PBXFrameworksBuildPhase section */

/* Begin PBXGroup section */
		CC2D3F4821B18FAE00E5652D = {
			isa = PBXGroup;
			children = (
				CC2D3F5321B18FAE00E5652D /* Animations */,
				CC2D3F6821B18FB000E5652D /* AnimationsTests */,
				CC2D3F7321B18FB000E5652D /* AnimationsUITests */,
				CC2D3F5221B18FAE00E5652D /* Products */,
			);
			sourceTree = "<group>";
		};
		CC2D3F5221B18FAE00E5652D /* Products */ = {
			isa = PBXGroup;
			children = (
				CC2D3F5121B18FAE00E5652D /* Animations.app */,
				CC2D3F6521B18FB000E5652D /* AnimationsTests.xctest */,
				CC2D3F7021B18FB000E5652D /* AnimationsUITests.xctest */,
			);
			name = Products;
			sourceTree = "<group>";
		};
		CC2D3F5321B18FAE00E5652D /* Animations */ = {
			isa = PBXGroup;
			children = (
				CC2D3F5421B18FAE00E5652D /* AppDelegate.swift */,
				CC2D3F5621B18FAE00E5652D /* ViewController.swift */,
				CC2D3F5821B18FAE00E5652D /* Main.storyboard */,
				CC2D3F5B21B18FB000E5652D /* Assets.xcassets */,
				CC2D3F5D21B18FB000E5652D /* LaunchScreen.storyboard */,
				CC2D3F6021B18FB000E5652D /* Info.plist */,
			);
			path = Animations;
			sourceTree = "<group>";
		};
		CC2D3F6821B18FB000E5652D /* AnimationsTests */ = {
			isa = PBXGroup;
			children = (
				CC2D3F6921B18FB000E5652D /* AnimationsTests.swift */,
				CC2D3F6B21B18FB000E5652D /* Info.plist */,
			);
			path = AnimationsTests;
			sourceTree = "<group>";
		};
		CC2D3F7321B18FB000E5652D /* AnimationsUITests */ = {
			isa = PBXGroup;
			children = (
				CC2D3F7421B18FB000E5652D /* AnimationsUITests.swift */,
				CC2D3F7621B18FB000E5652D /* Info.plist */,
			);
			path = AnimationsUITests;
			sourceTree = "<group>";
		};
/* End PBXGroup section */

/* Begin PBXNativeTarget section */
		CC2D3F5021B18FAE00E5652D /* Animations */ = {
			isa = PBXNativeTarget;
			buildConfigurationList = CC2D3F7921B18FB000E5652D /* Build configuration list for PBXNativeTarget "Animations" */;
			buildPhases = (
				CC2D3F4D21B18FAE00E5652D /* Sources */,
				CC2D3F4E21B18FAE00E5652D /* Frameworks */,
				CC2D3F4F21B18FAE00E5652D /* Resources */,
			);
			buildRules = (
			);
			dependencies = (
			);
			name = Animations;
			productName = Animations;
			productReference = CC2D3F5121B18FAE00E5652D /* Animations.app */;
			productType = "com.apple.product-type.application";
		};
		CC2D3F6421B18FB000E5652D /* AnimationsTests */ = {
			isa = PBXNativeTarget;
			buildConfigurationList = CC2D3F7C21B18FB000E5652D /* Build configuration list for PBXNativeTarget "AnimationsTests" */;
			buildPhases = (
				CC2D3F6121B18FB000E5652D /* Sources */,
				CC2D3F6221B18FB000E5652D /* Frameworks */,
				CC2D3F6321B18FB000E5652D /* Resources */,
			);
			buildRules = (
			);
			dependencies = (
				CC2D3F6721B18FB000E5652D /* PBXTargetDependency */,
			);
			name = AnimationsTests;
			productName = AnimationsTests;
			productReference = CC2D3F6521B18FB000E5652D /* AnimationsTests.xctest */;
			productType = "com.apple.product-type.bundle.unit-test";
		};
		CC2D3F6F21B18FB000E5652D /* AnimationsUITests */ = {
			isa = PBXNativeTarget;
			buildConfigurationList = CC2D3F7F21B18FB000E5652D /* Build configuration list for PBXNativeTarget "AnimationsUITests" */;
			buildPhases = (
				CC2D3F6C21B18FB000E5652D /* Sources */,
				CC2D3F6D21B18FB000E5652D /* Frameworks */,
				CC2D3F6E21B18FB000E5652D /* Resources */,
			);
			buildRules = (
			);
			dependencies = (
				CC2D3F7221B18FB000E5652D /* PBXTargetDependency */,
			);
			name = AnimationsUITests;
			productName = AnimationsUITests;
			productReference = CC2D3F7021B18FB000E5652D /* AnimationsUITests.xctest */;
			productType = "com.apple.product-type.bundle.ui-testing";
		};
/* End PBXNativeTarget section */

/* Begin PBXProject section */
		CC2D3F4921B18FAE00E5652D /* Project object */ = {
			isa = PBXProject;
			attributes = {
				LastSwiftUpdateCheck = 1000;
				LastUpgradeCheck = 1000;
				ORGANIZATIONNAME = "Justin Snider";
				TargetAttributes = {
					CC2D3F5021B18FAE00E5652D = {
						CreatedOnToolsVersion = 10.0;
					};
					CC2D3F6421B18FB000E5652D = {
						CreatedOnToolsVersion = 10.0;
						TestTargetID = CC2D3F5021B18FAE00E5652D;
					};
					CC2D3F6F21B18FB000E5652D = {
						CreatedOnToolsVersion = 10.0;
						TestTargetID = CC2D3F5021B18FAE00E5652D;
					};
				};
			};
			buildConfigurationList = CC2D3F4C21B18FAE00E5652D /* Build configuration list for PBXProject "Animations" */;
			compatibilityVersion = "Xcode 9.3";
			developmentRegion = en;
			hasScannedForEncodings = 0;
			knownRegions = (
				en,
				Base,
			);
			mainGroup = CC2D3F4821B18FAE00E5652D;
			productRefGroup = CC2D3F5221B18FAE00E5652D /* Products */;
			projectDirPath = "";
			projectRoot = "";
			targets = (
				CC2D3F5021B18FAE00E5652D /* Animations */,
				CC2D3F6421B18FB000E5652D /* AnimationsTests */,
				CC2D3F6F21B18FB000E5652D /* AnimationsUITests */,
			);
		};
/* End PBXProject section */

/* Begin PBXResourcesBuildPhase section */
		CC2D3F4F21B18FAE00E5652D /* Resources */ = {
			isa = PBXResourcesBuildPhase;
			buildActionMask = 2147483647;
			files = (
				CC2D3F5F21B18FB000E5652D /* LaunchScreen.storyboard in Resources */,
				CC2D3F5C21B18FB000E5652D /* Assets.xcassets in Resources */,
				CC2D3F5A21B18FAE00E5652D /* Main.storyboard in Resources */,
			);
			runOnlyForDeploymentPostprocessing = 0;
		};
		CC2D3F6321B18FB000E5652D /* Resources */ = {
			isa = PBXResourcesBuildPhase;
			buildActionMask = 2147483647;
			files = (
			);
			runOnlyForDeploymentPostprocessing = 0;
		};
		CC2D3F6E21B18FB000E5652D /* Resources */ = {
			isa = PBXResourcesBuildPhase;
			buildActionMask = 2147483647;
			files = (
			);
			runOnlyForDeploymentPostprocessing = 0;
		};
/* End PBXResourcesBuildPhase section */

/* Begin PBXSourcesBuildPhase section */
		CC2D3F4D21B18FAE00E5652D /* Sources */ = {
			isa = PBXSourcesBuildPhase;
			buildActionMask = 2147483647;
			files = (
				CC2D3F5721B18FAE00E5652D /* ViewController.swift in Sources */,
				CC2D3F5521B18FAE00E5652D /* AppDelegate.swift in Sources */,
			);
			runOnlyForDeploymentPostprocessing = 0;
		};
		CC2D3F6121B18FB000E5652D /* Sources */ = {
			isa = PBXSourcesBuildPhase;
			buildActionMask = 2147483647;
			files = (
				CC2D3F6A21B18FB000E5652D /* AnimationsTests.swift in Sources */,
			);
			runOnlyForDeploymentPostprocessing = 0;
		};
		CC2D3F6C21B18FB000E5652D /* Sources */ = {
			isa = PBXSourcesBuildPhase;
			buildActionMask = 2147483647;
			files = (
				CC2D3F7521B18FB000E5652D /* AnimationsUITests.swift in Sources */,
			);
			runOnlyForDeploymentPostprocessing = 0;
		};
/* End PBXSourcesBuildPhase section */

/* Begin PBXTargetDependency section */
		CC2D3F6721B18FB000E5652D /* PBXTargetDependency */ = {
			isa = PBXTargetDependency;
			target = CC2D3F5021B18FAE00E5652D /* Animations */;
			targetProxy = CC2D3F6621B18FB000E5652D /* PBXContainerItemProxy */;
		};
		CC2D3F7221B18FB000E5652D /* PBXTargetDependency */ = {
			isa = PBXTargetDependency;
			target = CC2D3F5021B18FAE00E5652D /* Animations */;
			targetProxy = CC2D3F7121B18FB000E5652D /* PBXContainerItemProxy */;
		};
/* End PBXTargetDependency section */

/* Begin PBXVariantGroup section */
		CC2D3F5821B18FAE00E5652D /* Main.storyboard */ = {
			isa = PBXVariantGroup;
			children = (
				CC2D3F5921B18FAE00E5652D /* Base */,
			);
			name = Main.storyboard;
			sourceTree = "<group>";
		};
		CC2D3F5D21B18FB000E5652D /* LaunchScreen.storyboard */ = {
			isa = PBXVariantGroup;
			children = (
				CC2D3F5E21B18FB000E5652D /* Base */,
			);
			name = LaunchScreen.storyboard;
			sourceTree = "<group>";
		};
/* End PBXVariantGroup section */

/* Begin XCBuildConfiguration section */
		CC2D3F7721B18FB000E5652D /* Debug */ = {
			isa = XCBuildConfiguration;
			buildSettings = {
				ALWAYS_SEARCH_USER_PATHS = NO;
				CLANG_ANALYZER_NONNULL = YES;
				CLANG_ANALYZER_NUMBER_OBJECT_CONVERSION = YES_AGGRESSIVE;
				CLANG_CXX_LANGUAGE_STANDARD = "gnu++14";
				CLANG_CXX_LIBRARY = "libc++";
				CLANG_ENABLE_MODULES = YES;
				CLANG_ENABLE_OBJC_ARC = YES;
				CLANG_ENABLE_OBJC_WEAK = YES;
				CLANG_WARN_BLOCK_CAPTURE_AUTORELEASING = YES;
				CLANG_WARN_BOOL_CONVERSION = YES;
				CLANG_WARN_COMMA = YES;
				CLANG_WARN_CONSTANT_CONVERSION = YES;
				CLANG_WARN_DEPRECATED_OBJC_IMPLEMENTATIONS = YES;
				CLANG_WARN_DIRECT_OBJC_ISA_USAGE = YES_ERROR;
				CLANG_WARN_DOCUMENTATION_COMMENTS = YES;
				CLANG_WARN_EMPTY_BODY = YES;
				CLANG_WARN_ENUM_CONVERSION = YES;
				CLANG_WARN_INFINITE_RECURSION = YES;
				CLANG_WARN_INT_CONVERSION = YES;
				CLANG_WARN_NON_LITERAL_NULL_CONVERSION = YES;
				CLANG_WARN_OBJC_IMPLICIT_RETAIN_SELF = YES;
				CLANG_WARN_OBJC_LITERAL_CONVERSION = YES;
				CLANG_WARN_OBJC_ROOT_CLASS = YES_ERROR;
				CLANG_WARN_RANGE_LOOP_ANALYSIS = YES;
				CLANG_WARN_STRICT_PROTOTYPES = YES;
				CLANG_WARN_SUSPICIOUS_MOVE = YES;
				CLANG_WARN_UNGUARDED_AVAILABILITY = YES_AGGRESSIVE;
				CLANG_WARN_UNREACHABLE_CODE = YES;
				CLANG_WARN__DUPLICATE_METHOD_MATCH = YES;
				CODE_SIGN_IDENTITY = "iPhone Developer";
				COPY_PHASE_STRIP = NO;
				DEBUG_INFORMATION_FORMAT = dwarf;
				ENABLE_STRICT_OBJC_MSGSEND = YES;
				ENABLE_TESTABILITY = YES;
				GCC_C_LANGUAGE_STANDARD = gnu11;
				GCC_DYNAMIC_NO_PIC = NO;
				GCC_NO_COMMON_BLOCKS = YES;
				GCC_OPTIMIZATION_LEVEL = 0;
				GCC_PREPROCESSOR_DEFINITIONS = (
					"DEBUG=1",
					"$(inherited)",
				);
				GCC_WARN_64_TO_32_BIT_CONVERSION = YES;
				GCC_WARN_ABOUT_RETURN_TYPE = YES_ERROR;
				GCC_WARN_UNDECLARED_SELECTOR = YES;
				GCC_WARN_UNINITIALIZED_AUTOS = YES_AGGRESSIVE;
				GCC_WARN_UNUSED_FUNCTION = YES;
				GCC_WARN_UNUSED_VARIABLE = YES;
				IPHONEOS_DEPLOYMENT_TARGET = 12.0;
				MTL_ENABLE_DEBUG_INFO = INCLUDE_SOURCE;
				MTL_FAST_MATH = YES;
				ONLY_ACTIVE_ARCH = YES;
				SDKROOT = iphoneos;
				SWIFT_ACTIVE_COMPILATION_CONDITIONS = DEBUG;
				SWIFT_OPTIMIZATION_LEVEL = "-Onone";
			};
			name = Debug;
		};
		CC2D3F7821B18FB000E5652D /* Release */ = {
			isa = XCBuildConfiguration;
			buildSettings = {
				ALWAYS_SEARCH_USER_PATHS = NO;
				CLANG_ANALYZER_NONNULL = YES;
				CLANG_ANALYZER_NUMBER_OBJECT_CONVERSION = YES_AGGRESSIVE;
				CLANG_CXX_LANGUAGE_STANDARD = "gnu++14";
				CLANG_CXX_LIBRARY = "libc++";
				CLANG_ENABLE_MODULES = YES;
				CLANG_ENABLE_OBJC_ARC = YES;
				CLANG_ENABLE_OBJC_WEAK = YES;
				CLANG_WARN_BLOCK_CAPTURE_AUTORELEASING = YES;
				CLANG_WARN_BOOL_CONVERSION = YES;
				CLANG_WARN_COMMA = YES;
				CLANG_WARN_CONSTANT_CONVERSION = YES;
				CLANG_WARN_DEPRECATED_OBJC_IMPLEMENTATIONS = YES;
				CLANG_WARN_DIRECT_OBJC_ISA_USAGE = YES_ERROR;
				CLANG_WARN_DOCUMENTATION_COMMENTS = YES;
				CLANG_WARN_EMPTY_BODY = YES;
				CLANG_WARN_ENUM_CONVERSION = YES;
				CLANG_WARN_INFINITE_RECURSION = YES;
				CLANG_WARN_INT_CONVERSION = YES;
				CLANG_WARN_NON_LITERAL_NULL_CONVERSION = YES;
				CLANG_WARN_OBJC_IMPLICIT_RETAIN_SELF = YES;
				CLANG_WARN_OBJC_LITERAL_CONVERSION = YES;
				CLANG_WARN_OBJC_ROOT_CLASS = YES_ERROR;
				CLANG_WARN_RANGE_LOOP_ANALYSIS = YES;
				CLANG_WARN_STRICT_PROTOTYPES = YES;
				CLANG_WARN_SUSPICIOUS_MOVE = YES;
				CLANG_WARN_UNGUARDED_AVAILABILITY = YES_AGGRESSIVE;
				CLANG_WARN_UNREACHABLE_CODE = YES;
				CLANG_WARN__DUPLICATE_METHOD_MATCH = YES;
				CODE_SIGN_IDENTITY = "iPhone Developer";
				COPY_PHASE_STRIP = NO;
				DEBUG_INFORMATION_FORMAT = "dwarf-with-dsym";
				ENABLE_NS_ASSERTIONS = NO;
				ENABLE_STRICT_OBJC_MSGSEND = YES;
				GCC_C_LANGUAGE_STANDARD = gnu11;
				GCC_NO_COMMON_BLOCKS = YES;
				GCC_WARN_64_TO_32_BIT_CONVERSION = YES;
				GCC_WARN_ABOUT_RETURN_TYPE = YES_ERROR;
				GCC_WARN_UNDECLARED_SELECTOR = YES;
				GCC_WARN_UNINITIALIZED_AUTOS = YES_AGGRESSIVE;
				GCC_WARN_UNUSED_FUNCTION = YES;
				GCC_WARN_UNUSED_VARIABLE = YES;
				IPHONEOS_DEPLOYMENT_TARGET = 12.0;
				MTL_ENABLE_DEBUG_INFO = NO;
				MTL_FAST_MATH = YES;
				SDKROOT = iphoneos;
				SWIFT_COMPILATION_MODE = wholemodule;
				SWIFT_OPTIMIZATION_LEVEL = "-O";
				VALIDATE_PRODUCT = YES;
			};
			name = Release;
		};
		CC2D3F7A21B18FB000E5652D /* Debug */ = {
			isa = XCBuildConfiguration;
			buildSettings = {
				ASSETCATALOG_COMPILER_APPICON_NAME = AppIcon;
				CODE_SIGN_STYLE = Automatic;
				INFOPLIST_FILE = Animations/Info.plist;
				LD_RUNPATH_SEARCH_PATHS = (
					"$(inherited)",
					"@executable_path/Frameworks",
				);
				PRODUCT_BUNDLE_IDENTIFIER = com.example.Animations;
				PRODUCT_NAME = "$(TARGET_NAME)";
				SWIFT_VERSION = 4.2;
				TARGETED_DEVICE_FAMILY = "1,2";
			};
			name = Debug;
		};
		CC2D3F7B21B18FB000E5652D /* Release */ = {
			isa = XCBuildConfiguration;
			buildSettings = {
				ASSETCATALOG_COMPILER_APPICON_NAME = AppIcon;
				CODE_SIGN_STYLE = Automatic;
				INFOPLIST_FILE = Animations/Info.plist;
				LD_RUNPATH_SEARCH_PATHS = (
					"$(inherited)",
					"@executable_path/Frameworks",
				);
				PRODUCT_BUNDLE_IDENTIFIER = com.example.Animations;
				PRODUCT_NAME = "$(TARGET_NAME)";
				SWIFT_VERSION = 4.2;
				TARGETED_DEVICE_FAMILY = "1,2";
			};
			name = Release;
		};
		CC2D3F7D21B18FB000E5652D /* Debug */ = {
			isa = XCBuildConfiguration;
			buildSettings = {
				ALWAYS_EMBED_SWIFT_STANDARD_LIBRARIES = YES;
				BUNDLE_LOADER = "$(TEST_HOST)";
				CODE_SIGN_STYLE = Automatic;
				INFOPLIST_FILE = AnimationsTests/Info.plist;
				LD_RUNPATH_SEARCH_PATHS = (
					"$(inherited)",
					"@executable_path/Frameworks",
					"@loader_path/Frameworks",
				);
				PRODUCT_BUNDLE_IDENTIFIER = com.example.AnimationsTests;
				PRODUCT_NAME = "$(TARGET_NAME)";
				SWIFT_VERSION = 4.2;
				TARGETED_DEVICE_FAMILY = "1,2";
				TEST_HOST = "$(BUILT_PRODUCTS_DIR)/Animations.app/Animations";
			};
			name = Debug;
		};
		CC2D3F7E21B18FB000E5652D /* Release */ = {
			isa = XCBuildConfiguration;
			buildSettings = {
				ALWAYS_EMBED_SWIFT_STANDARD_LIBRARIES = YES;
				BUNDLE_LOADER = "$(TEST_HOST)";
				CODE_SIGN_STYLE = Automatic;
				INFOPLIST_FILE = AnimationsTests/Info.plist;
				LD_RUNPATH_SEARCH_PATHS = (
					"$(inherited)",
					"@executable_path/Frameworks",
					"@loader_path/Frameworks",
				);
				PRODUCT_BUNDLE_IDENTIFIER = com.example.AnimationsTests;
				PRODUCT_NAME = "$(TARGET_NAME)";
				SWIFT_VERSION = 4.2;
				TARGETED_DEVICE_FAMILY = "1,2";
				TEST_HOST = "$(BUILT_PRODUCTS_DIR)/Animations.app/Animations";
			};
			name = Release;
		};
		CC2D3F8021B18FB000E5652D /* Debug */ = {
			isa = XCBuildConfiguration;
			buildSettings = {
				ALWAYS_EMBED_SWIFT_STANDARD_LIBRARIES = YES;
				CODE_SIGN_STYLE = Automatic;
				INFOPLIST_FILE = AnimationsUITests/Info.plist;
				LD_RUNPATH_SEARCH_PATHS = (
					"$(inherited)",
					"@executable_path/Frameworks",
					"@loader_path/Frameworks",
				);
				PRODUCT_BUNDLE_IDENTIFIER = com.example.AnimationsUITests;
				PRODUCT_NAME = "$(TARGET_NAME)";
				SWIFT_VERSION = 4.2;
				TARGETED_DEVICE_FAMILY = "1,2";
				TEST_TARGET_NAME = Animations;
			};
			name = Debug;
		};
		CC2D3F8121B18FB000E5652D /* Release */ = {
			isa = XCBuildConfiguration;
			buildSettings = {
				ALWAYS_EMBED_SWIFT_STANDARD_LIBRARIES = YES;
				CODE_SIGN_STYLE = Automatic;
				INFOPLIST_FILE = AnimationsUITests/Info.plist;
				LD_RUNPATH_SEARCH_PATHS = (
					"$(inherited)",
					"@executable_path/Frameworks",
					"@loader_path/Frameworks",
				);
				PRODUCT_BUNDLE_IDENTIFIER = com.example.AnimationsUITests;
				PRODUCT_NAME = "$(TARGET_NAME)";
				SWIFT_VERSION = 4.2;
				TARGETED_DEVICE_FAMILY = "1,2";
				TEST_TARGET_NAME = Animations;
			};
			name = Release;
		};
/* End XCBuildConfiguration section */

/* Begin XCConfigurationList section */
		CC2D3F4C21B18FAE00E5652D /* Build configuration list for PBXProject "Animations" */ = {
			isa = XCConfigurationList;
			buildConfigurations = (
				CC2D3F7721B18FB000E5652D /* Debug */,
				CC2D3F7821B18FB000E5652D /* Release */,
			);
			defaultConfigurationIsVisible = 0;
			defaultConfigurationName = Release;
		};
		CC2D3F7921B18FB000E5652D /* Build configuration list for PBXNativeTarget "Animations" */ = {
			isa = XCConfigurationList;
			buildConfigurations = (
				CC2D3F7A21B18FB000E5652D /* Debug */,
				CC2D3F7B21B18FB000E5652D /* Release */,
			);
			defaultConfigurationIsVisible = 0;
			defaultConfigurationName = Release;
		};
		CC2D3F7C21B18FB000E5652D /* Build configuration list for PBXNativeTarget "AnimationsTests" */ = {
			isa = XCConfigurationList;
			buildConfigurations = (
				CC2D3F7D21B18FB000E5652D /* Debug */,
				CC2D3F7E21B18FB000E5652D /* Release */,
			);
			defaultConfigurationIsVisible = 0;
			defaultConfigurationName = Release;
		};
		CC2D3F7F21B18FB000E5652D /* Build configuration list for PBXNativeTarget "AnimationsUITests" */ = {
			isa = XCConfigurationList;
			buildConfigurations = (
				CC2D3F8021B18FB000E5652D /* Debug */,
				CC2D3F8121B18FB000E5652D /* Release */,
			);
			defaultConfigurationIsVisible = 0;
			defaultConfigurationName = Release;
		};
/* End XCConfigurationList section */
	};
	rootObject = CC2D3F4921B18FAE00E5652D /* Project object */;
}
