// !$*UTF8*$!
{
	archiveVersion = 1;
	classes = {
	};
	objectVersion = 50;
	objects = {

/* Begin PBXBuildFile section */
		CC0E23D321EF80020062F8D8 /* Deck.swift in Sources */ = {isa = PBXBuildFile; fileRef = CC0E23D221EF80010062F8D8 /* Deck.swift */; };
		CCBB09CC21EE3E97005EB627 /* AppDelegate.swift in Sources */ = {isa = PBXBuildFile; fileRef = CCBB09CB21EE3E97005EB627 /* AppDelegate.swift */; };
		CCBB09CE21EE3E97005EB627 /* SlapJackViewController.swift in Sources */ = {isa = PBXBuildFile; fileRef = CCBB09CD21EE3E97005EB627 /* SlapJackViewController.swift */; };
		CCBB09D121EE3E97005EB627 /* Main.storyboard in Resources */ = {isa = PBXBuildFile; fileRef = CCBB09CF21EE3E97005EB627 /* Main.storyboard */; };
		CCBB09D321EE3E98005EB627 /* Assets.xcassets in Resources */ = {isa = PBXBuildFile; fileRef = CCBB09D221EE3E98005EB627 /* Assets.xcassets */; };
		CCBB09D621EE3E98005EB627 /* LaunchScreen.storyboard in Resources */ = {isa = PBXBuildFile; fileRef = CCBB09D421EE3E98005EB627 /* LaunchScreen.storyboard */; };
		CCBB09E121EE3EEB005EB627 /* NetworkController.swift in Sources */ = {isa = PBXBuildFile; fileRef = CCBB09E021EE3EEB005EB627 /* NetworkController.swift */; };
		CCBB09E321EE4970005EB627 /* CardController.swift in Sources */ = {isa = PBXBuildFile; fileRef = CCBB09E221EE4970005EB627 /* CardController.swift */; };
		CCBB09E621EE4BE4005EB627 /* Model.xcdatamodeld in Sources */ = {isa = PBXBuildFile; fileRef = CCBB09E421EE4BE4005EB627 /* Model.xcdatamodeld */; };
		CCBB09E821EE4BF8005EB627 /* CoreDataStack.swift in Sources */ = {isa = PBXBuildFile; fileRef = CCBB09E721EE4BF8005EB627 /* CoreDataStack.swift */; };
		CCBB09EC21EE4DE5005EB627 /* Card.swift in Sources */ = {isa = PBXBuildFile; fileRef = CCBB09EB21EE4DE5005EB627 /* Card.swift */; };
/* End PBXBuildFile section */

/* Begin PBXFileReference section */
		CC0E23D221EF80010062F8D8 /* Deck.swift */ = {isa = PBXFileReference; lastKnownFileType = sourcecode.swift; path = Deck.swift; sourceTree = "<group>"; };
		CCBB09C821EE3E97005EB627 /* slapJack.app */ = {isa = PBXFileReference; explicitFileType = wrapper.application; includeInIndex = 0; path = slapJack.app; sourceTree = BUILT_PRODUCTS_DIR; };
		CCBB09CB21EE3E97005EB627 /* AppDelegate.swift */ = {isa = PBXFileReference; lastKnownFileType = sourcecode.swift; path = AppDelegate.swift; sourceTree = "<group>"; };
		CCBB09CD21EE3E97005EB627 /* SlapJackViewController.swift */ = {isa = PBXFileReference; lastKnownFileType = sourcecode.swift; path = SlapJackViewController.swift; sourceTree = "<group>"; };
		CCBB09D021EE3E97005EB627 /* Base */ = {isa = PBXFileReference; lastKnownFileType = file.storyboard; name = Base; path = Base.lproj/Main.storyboard; sourceTree = "<group>"; };
		CCBB09D221EE3E98005EB627 /* Assets.xcassets */ = {isa = PBXFileReference; lastKnownFileType = folder.assetcatalog; path = Assets.xcassets; sourceTree = "<group>"; };
		CCBB09D521EE3E98005EB627 /* Base */ = {isa = PBXFileReference; lastKnownFileType = file.storyboard; name = Base; path = Base.lproj/LaunchScreen.storyboard; sourceTree = "<group>"; };
		CCBB09D721EE3E98005EB627 /* Info.plist */ = {isa = PBXFileReference; lastKnownFileType = text.plist.xml; path = Info.plist; sourceTree = "<group>"; };
		CCBB09E021EE3EEB005EB627 /* NetworkController.swift */ = {isa = PBXFileReference; lastKnownFileType = sourcecode.swift; path = NetworkController.swift; sourceTree = "<group>"; };
		CCBB09E221EE4970005EB627 /* CardController.swift */ = {isa = PBXFileReference; lastKnownFileType = sourcecode.swift; path = CardController.swift; sourceTree = "<group>"; };
		CCBB09E521EE4BE4005EB627 /* Model.xcdatamodel */ = {isa = PBXFileReference; lastKnownFileType = wrapper.xcdatamodel; path = Model.xcdatamodel; sourceTree = "<group>"; };
		CCBB09E721EE4BF8005EB627 /* CoreDataStack.swift */ = {isa = PBXFileReference; lastKnownFileType = sourcecode.swift; path = CoreDataStack.swift; sourceTree = "<group>"; };
		CCBB09EB21EE4DE5005EB627 /* Card.swift */ = {isa = PBXFileReference; lastKnownFileType = sourcecode.swift; path = Card.swift; sourceTree = "<group>"; };
/* End PBXFileReference section */

/* Begin PBXFrameworksBuildPhase section */
		CCBB09C521EE3E97005EB627 /* Frameworks */ = {
			isa = PBXFrameworksBuildPhase;
			buildActionMask = 2147483647;
			files = (
			);
			runOnlyForDeploymentPostprocessing = 0;
		};
/* End PBXFrameworksBuildPhase section */

/* Begin PBXGroup section */
		CCBB09BF21EE3E97005EB627 = {
			isa = PBXGroup;
			children = (
				CCBB09CA21EE3E97005EB627 /* slapJack */,
				CCBB09C921EE3E97005EB627 /* Products */,
			);
			sourceTree = "<group>";
		};
		CCBB09C921EE3E97005EB627 /* Products */ = {
			isa = PBXGroup;
			children = (
				CCBB09C821EE3E97005EB627 /* slapJack.app */,
			);
			name = Products;
			sourceTree = "<group>";
		};
		CCBB09CA21EE3E97005EB627 /* slapJack */ = {
			isa = PBXGroup;
			children = (
				CCBB09DF21EE3EAF005EB627 /* Views and Assets */,
				CCBB09DE21EE3EAB005EB627 /* Controllers */,
				CCBB09DD21EE3EA1005EB627 /* Models */,
				CCBB09CB21EE3E97005EB627 /* AppDelegate.swift */,
				CCBB09D721EE3E98005EB627 /* Info.plist */,
				CCBB09E721EE4BF8005EB627 /* CoreDataStack.swift */,
			);
			path = slapJack;
			sourceTree = "<group>";
		};
		CCBB09DD21EE3EA1005EB627 /* Models */ = {
			isa = PBXGroup;
			children = (
				CCBB09E421EE4BE4005EB627 /* Model.xcdatamodeld */,
				CCBB09EB21EE4DE5005EB627 /* Card.swift */,
				CC0E23D221EF80010062F8D8 /* Deck.swift */,
			);
			path = Models;
			sourceTree = "<group>";
		};
		CCBB09DE21EE3EAB005EB627 /* Controllers */ = {
			isa = PBXGroup;
			children = (
				CCBB09CD21EE3E97005EB627 /* SlapJackViewController.swift */,
				CCBB09E021EE3EEB005EB627 /* NetworkController.swift */,
				CCBB09E221EE4970005EB627 /* CardController.swift */,
			);
			path = Controllers;
			sourceTree = "<group>";
		};
		CCBB09DF21EE3EAF005EB627 /* Views and Assets */ = {
			isa = PBXGroup;
			children = (
				CCBB09CF21EE3E97005EB627 /* Main.storyboard */,
				CCBB09D421EE3E98005EB627 /* LaunchScreen.storyboard */,
				CCBB09D221EE3E98005EB627 /* Assets.xcassets */,
			);
			path = "Views and Assets";
			sourceTree = "<group>";
		};
/* End PBXGroup section */

/* Begin PBXNativeTarget section */
		CCBB09C721EE3E97005EB627 /* slapJack */ = {
			isa = PBXNativeTarget;
			buildConfigurationList = CCBB09DA21EE3E98005EB627 /* Build configuration list for PBXNativeTarget "slapJack" */;
			buildPhases = (
				CCBB09C421EE3E97005EB627 /* Sources */,
				CCBB09C521EE3E97005EB627 /* Frameworks */,
				CCBB09C621EE3E97005EB627 /* Resources */,
			);
			buildRules = (
			);
			dependencies = (
			);
			name = slapJack;
			productName = slapJack;
			productReference = CCBB09C821EE3E97005EB627 /* slapJack.app */;
			productType = "com.apple.product-type.application";
		};
/* End PBXNativeTarget section */

/* Begin PBXProject section */
		CCBB09C021EE3E97005EB627 /* Project object */ = {
			isa = PBXProject;
			attributes = {
				LastSwiftUpdateCheck = 1010;
				LastUpgradeCheck = 1010;
				ORGANIZATIONNAME = "Justin Snider";
				TargetAttributes = {
					CCBB09C721EE3E97005EB627 = {
						CreatedOnToolsVersion = 10.1;
					};
				};
			};
			buildConfigurationList = CCBB09C321EE3E97005EB627 /* Build configuration list for PBXProject "slapJack" */;
			compatibilityVersion = "Xcode 9.3";
			developmentRegion = en;
			hasScannedForEncodings = 0;
			knownRegions = (
				en,
				Base,
			);
			mainGroup = CCBB09BF21EE3E97005EB627;
			productRefGroup = CCBB09C921EE3E97005EB627 /* Products */;
			projectDirPath = "";
			projectRoot = "";
			targets = (
				CCBB09C721EE3E97005EB627 /* slapJack */,
			);
		};
/* End PBXProject section */

/* Begin PBXResourcesBuildPhase section */
		CCBB09C621EE3E97005EB627 /* Resources */ = {
			isa = PBXResourcesBuildPhase;
			buildActionMask = 2147483647;
			files = (
				CCBB09D621EE3E98005EB627 /* LaunchScreen.storyboard in Resources */,
				CCBB09D321EE3E98005EB627 /* Assets.xcassets in Resources */,
				CCBB09D121EE3E97005EB627 /* Main.storyboard in Resources */,
			);
			runOnlyForDeploymentPostprocessing = 0;
		};
/* End PBXResourcesBuildPhase section */

/* Begin PBXSourcesBuildPhase section */
		CCBB09C421EE3E97005EB627 /* Sources */ = {
			isa = PBXSourcesBuildPhase;
			buildActionMask = 2147483647;
			files = (
				CCBB09CE21EE3E97005EB627 /* SlapJackViewController.swift in Sources */,
				CCBB09E321EE4970005EB627 /* CardController.swift in Sources */,
				CCBB09E621EE4BE4005EB627 /* Model.xcdatamodeld in Sources */,
				CCBB09E821EE4BF8005EB627 /* CoreDataStack.swift in Sources */,
				CC0E23D321EF80020062F8D8 /* Deck.swift in Sources */,
				CCBB09CC21EE3E97005EB627 /* AppDelegate.swift in Sources */,
				CCBB09E121EE3EEB005EB627 /* NetworkController.swift in Sources */,
				CCBB09EC21EE4DE5005EB627 /* Card.swift in Sources */,
			);
			runOnlyForDeploymentPostprocessing = 0;
		};
/* End PBXSourcesBuildPhase section */

/* Begin PBXVariantGroup section */
		CCBB09CF21EE3E97005EB627 /* Main.storyboard */ = {
			isa = PBXVariantGroup;
			children = (
				CCBB09D021EE3E97005EB627 /* Base */,
			);
			name = Main.storyboard;
			sourceTree = "<group>";
		};
		CCBB09D421EE3E98005EB627 /* LaunchScreen.storyboard */ = {
			isa = PBXVariantGroup;
			children = (
				CCBB09D521EE3E98005EB627 /* Base */,
			);
			name = LaunchScreen.storyboard;
			sourceTree = "<group>";
		};
/* End PBXVariantGroup section */

/* Begin XCBuildConfiguration section */
		CCBB09D821EE3E98005EB627 /* Debug */ = {
			isa = XCBuildConfiguration;
			buildSettings = {
				ALWAYS_SEARCH_USER_PATHS = NO;
				CLANG_ANALYZER_NONNULL = YES;
				CLANG_ANALYZER_NUMBER_OBJECT_CONVERSION = YES_AGGRESSIVE;
				CLANG_CXX_LANGUAGE_STANDARD = "gnu++14";
				CLANG_CXX_LIBRARY = "libc++";
				CLANG_ENABLE_MODULES = YES;
				CLANG_ENABLE_OBJC_ARC = YES;
				CLANG_ENABLE_OBJC_WEAK = YES;
				CLANG_WARN_BLOCK_CAPTURE_AUTORELEASING = YES;
				CLANG_WARN_BOOL_CONVERSION = YES;
				CLANG_WARN_COMMA = YES;
				CLANG_WARN_CONSTANT_CONVERSION = YES;
				CLANG_WARN_DEPRECATED_OBJC_IMPLEMENTATIONS = YES;
				CLANG_WARN_DIRECT_OBJC_ISA_USAGE = YES_ERROR;
				CLANG_WARN_DOCUMENTATION_COMMENTS = YES;
				CLANG_WARN_EMPTY_BODY = YES;
				CLANG_WARN_ENUM_CONVERSION = YES;
				CLANG_WARN_INFINITE_RECURSION = YES;
				CLANG_WARN_INT_CONVERSION = YES;
				CLANG_WARN_NON_LITERAL_NULL_CONVERSION = YES;
				CLANG_WARN_OBJC_IMPLICIT_RETAIN_SELF = YES;
				CLANG_WARN_OBJC_LITERAL_CONVERSION = YES;
				CLANG_WARN_OBJC_ROOT_CLASS = YES_ERROR;
				CLANG_WARN_RANGE_LOOP_ANALYSIS = YES;
				CLANG_WARN_STRICT_PROTOTYPES = YES;
				CLANG_WARN_SUSPICIOUS_MOVE = YES;
				CLANG_WARN_UNGUARDED_AVAILABILITY = YES_AGGRESSIVE;
				CLANG_WARN_UNREACHABLE_CODE = YES;
				CLANG_WARN__DUPLICATE_METHOD_MATCH = YES;
				CODE_SIGN_IDENTITY = "iPhone Developer";
				COPY_PHASE_STRIP = NO;
				DEBUG_INFORMATION_FORMAT = dwarf;
				ENABLE_STRICT_OBJC_MSGSEND = YES;
				ENABLE_TESTABILITY = YES;
				GCC_C_LANGUAGE_STANDARD = gnu11;
				GCC_DYNAMIC_NO_PIC = NO;
				GCC_NO_COMMON_BLOCKS = YES;
				GCC_OPTIMIZATION_LEVEL = 0;
				GCC_PREPROCESSOR_DEFINITIONS = (
					"DEBUG=1",
					"$(inherited)",
				);
				GCC_WARN_64_TO_32_BIT_CONVERSION = YES;
				GCC_WARN_ABOUT_RETURN_TYPE = YES_ERROR;
				GCC_WARN_UNDECLARED_SELECTOR = YES;
				GCC_WARN_UNINITIALIZED_AUTOS = YES_AGGRESSIVE;
				GCC_WARN_UNUSED_FUNCTION = YES;
				GCC_WARN_UNUSED_VARIABLE = YES;
				IPHONEOS_DEPLOYMENT_TARGET = 12.1;
				MTL_ENABLE_DEBUG_INFO = INCLUDE_SOURCE;
				MTL_FAST_MATH = YES;
				ONLY_ACTIVE_ARCH = YES;
				SDKROOT = iphoneos;
				SWIFT_ACTIVE_COMPILATION_CONDITIONS = DEBUG;
				SWIFT_OPTIMIZATION_LEVEL = "-Onone";
			};
			name = Debug;
		};
		CCBB09D921EE3E98005EB627 /* Release */ = {
			isa = XCBuildConfiguration;
			buildSettings = {
				ALWAYS_SEARCH_USER_PATHS = NO;
				CLANG_ANALYZER_NONNULL = YES;
				CLANG_ANALYZER_NUMBER_OBJECT_CONVERSION = YES_AGGRESSIVE;
				CLANG_CXX_LANGUAGE_STANDARD = "gnu++14";
				CLANG_CXX_LIBRARY = "libc++";
				CLANG_ENABLE_MODULES = YES;
				CLANG_ENABLE_OBJC_ARC = YES;
				CLANG_ENABLE_OBJC_WEAK = YES;
				CLANG_WARN_BLOCK_CAPTURE_AUTORELEASING = YES;
				CLANG_WARN_BOOL_CONVERSION = YES;
				CLANG_WARN_COMMA = YES;
				CLANG_WARN_CONSTANT_CONVERSION = YES;
				CLANG_WARN_DEPRECATED_OBJC_IMPLEMENTATIONS = YES;
				CLANG_WARN_DIRECT_OBJC_ISA_USAGE = YES_ERROR;
				CLANG_WARN_DOCUMENTATION_COMMENTS = YES;
				CLANG_WARN_EMPTY_BODY = YES;
				CLANG_WARN_ENUM_CONVERSION = YES;
				CLANG_WARN_INFINITE_RECURSION = YES;
				CLANG_WARN_INT_CONVERSION = YES;
				CLANG_WARN_NON_LITERAL_NULL_CONVERSION = YES;
				CLANG_WARN_OBJC_IMPLICIT_RETAIN_SELF = YES;
				CLANG_WARN_OBJC_LITERAL_CONVERSION = YES;
				CLANG_WARN_OBJC_ROOT_CLASS = YES_ERROR;
				CLANG_WARN_RANGE_LOOP_ANALYSIS = YES;
				CLANG_WARN_STRICT_PROTOTYPES = YES;
				CLANG_WARN_SUSPICIOUS_MOVE = YES;
				CLANG_WARN_UNGUARDED_AVAILABILITY = YES_AGGRESSIVE;
				CLANG_WARN_UNREACHABLE_CODE = YES;
				CLANG_WARN__DUPLICATE_METHOD_MATCH = YES;
				CODE_SIGN_IDENTITY = "iPhone Developer";
				COPY_PHASE_STRIP = NO;
				DEBUG_INFORMATION_FORMAT = "dwarf-with-dsym";
				ENABLE_NS_ASSERTIONS = NO;
				ENABLE_STRICT_OBJC_MSGSEND = YES;
				GCC_C_LANGUAGE_STANDARD = gnu11;
				GCC_NO_COMMON_BLOCKS = YES;
				GCC_WARN_64_TO_32_BIT_CONVERSION = YES;
				GCC_WARN_ABOUT_RETURN_TYPE = YES_ERROR;
				GCC_WARN_UNDECLARED_SELECTOR = YES;
				GCC_WARN_UNINITIALIZED_AUTOS = YES_AGGRESSIVE;
				GCC_WARN_UNUSED_FUNCTION = YES;
				GCC_WARN_UNUSED_VARIABLE = YES;
				IPHONEOS_DEPLOYMENT_TARGET = 12.1;
				MTL_ENABLE_DEBUG_INFO = NO;
				MTL_FAST_MATH = YES;
				SDKROOT = iphoneos;
				SWIFT_COMPILATION_MODE = wholemodule;
				SWIFT_OPTIMIZATION_LEVEL = "-O";
				VALIDATE_PRODUCT = YES;
			};
			name = Release;
		};
		CCBB09DB21EE3E98005EB627 /* Debug */ = {
			isa = XCBuildConfiguration;
			buildSettings = {
				ASSETCATALOG_COMPILER_APPICON_NAME = AppIcon;
				CODE_SIGN_STYLE = Automatic;
				INFOPLIST_FILE = slapJack/Info.plist;
				LD_RUNPATH_SEARCH_PATHS = (
					"$(inherited)",
					"@executable_path/Frameworks",
				);
				PRODUCT_BUNDLE_IDENTIFIER = com.example.slapJack;
				PRODUCT_NAME = "$(TARGET_NAME)";
				SWIFT_VERSION = 4.2;
				TARGETED_DEVICE_FAMILY = "1,2";
			};
			name = Debug;
		};
		CCBB09DC21EE3E98005EB627 /* Release */ = {
			isa = XCBuildConfiguration;
			buildSettings = {
				ASSETCATALOG_COMPILER_APPICON_NAME = AppIcon;
				CODE_SIGN_STYLE = Automatic;
				INFOPLIST_FILE = slapJack/Info.plist;
				LD_RUNPATH_SEARCH_PATHS = (
					"$(inherited)",
					"@executable_path/Frameworks",
				);
				PRODUCT_BUNDLE_IDENTIFIER = com.example.slapJack;
				PRODUCT_NAME = "$(TARGET_NAME)";
				SWIFT_VERSION = 4.2;
				TARGETED_DEVICE_FAMILY = "1,2";
			};
			name = Release;
		};
/* End XCBuildConfiguration section */

/* Begin XCConfigurationList section */
		CCBB09C321EE3E97005EB627 /* Build configuration list for PBXProject "slapJack" */ = {
			isa = XCConfigurationList;
			buildConfigurations = (
				CCBB09D821EE3E98005EB627 /* Debug */,
				CCBB09D921EE3E98005EB627 /* Release */,
			);
			defaultConfigurationIsVisible = 0;
			defaultConfigurationName = Release;
		};
		CCBB09DA21EE3E98005EB627 /* Build configuration list for PBXNativeTarget "slapJack" */ = {
			isa = XCConfigurationList;
			buildConfigurations = (
				CCBB09DB21EE3E98005EB627 /* Debug */,
				CCBB09DC21EE3E98005EB627 /* Release */,
			);
			defaultConfigurationIsVisible = 0;
			defaultConfigurationName = Release;
		};
/* End XCConfigurationList section */

/* Begin XCVersionGroup section */
		CCBB09E421EE4BE4005EB627 /* Model.xcdatamodeld */ = {
			isa = XCVersionGroup;
			children = (
				CCBB09E521EE4BE4005EB627 /* Model.xcdatamodel */,
			);
			currentVersion = CCBB09E521EE4BE4005EB627 /* Model.xcdatamodel */;
			path = Model.xcdatamodeld;
			sourceTree = "<group>";
			versionGroupType = wrapper.xcdatamodel;
		};
/* End XCVersionGroup section */
	};
	rootObject = CCBB09C021EE3E97005EB627 /* Project object */;
}
